// !$*UTF8*$!
{
	archiveVersion = 1;
	classes = {
	};
	objectVersion = 56;
	objects = {

/* Begin PBXBuildFile section */
		D0758D1E29E891410021034C /* watchOSTestPAckageApp.swift in Sources */ = {isa = PBXBuildFile; fileRef = D0758D1D29E891410021034C /* watchOSTestPAckageApp.swift */; };
		D0758D2029E891410021034C /* ContentView.swift in Sources */ = {isa = PBXBuildFile; fileRef = D0758D1F29E891410021034C /* ContentView.swift */; };
		D0758D2229E891420021034C /* Assets.xcassets in Resources */ = {isa = PBXBuildFile; fileRef = D0758D2129E891420021034C /* Assets.xcassets */; };
		D0758D2529E891420021034C /* Preview Assets.xcassets in Resources */ = {isa = PBXBuildFile; fileRef = D0758D2429E891420021034C /* Preview Assets.xcassets */; };
		D0758D2B29E891420021034C /* watchOSTestPAckage Watch App.app in Embed Watch Content */ = {isa = PBXBuildFile; fileRef = D0758D2A29E891420021034C /* watchOSTestPAckage Watch App.app */; settings = {ATTRIBUTES = (RemoveHeadersOnCopy, ); }; };
		D0758D3029E891420021034C /* watchOSTestPAckageApp.swift in Sources */ = {isa = PBXBuildFile; fileRef = D0758D2F29E891420021034C /* watchOSTestPAckageApp.swift */; };
		D0758D3229E891420021034C /* ContentView.swift in Sources */ = {isa = PBXBuildFile; fileRef = D0758D3129E891420021034C /* ContentView.swift */; };
		D0758D3429E891430021034C /* Assets.xcassets in Resources */ = {isa = PBXBuildFile; fileRef = D0758D3329E891430021034C /* Assets.xcassets */; };
		D0758D3729E891430021034C /* Preview Assets.xcassets in Resources */ = {isa = PBXBuildFile; fileRef = D0758D3629E891430021034C /* Preview Assets.xcassets */; };
		D0758D5029E928E60021034C /* Strings in Frameworks */ = {isa = PBXBuildFile; productRef = D0758D4F29E928E60021034C /* Strings */; };
		D077AF1129ED1BA500F740E4 /* Strings in Frameworks */ = {isa = PBXBuildFile; productRef = D077AF1029ED1BA500F740E4 /* Strings */; };
/* End PBXBuildFile section */

/* Begin PBXContainerItemProxy section */
		D0758D2C29E891420021034C /* PBXContainerItemProxy */ = {
			isa = PBXContainerItemProxy;
			containerPortal = D0758D1229E891410021034C /* Project object */;
			proxyType = 1;
			remoteGlobalIDString = D0758D2929E891420021034C;
			remoteInfo = "watchOSTestPAckage Watch App";
		};
/* End PBXContainerItemProxy section */

/* Begin PBXCopyFilesBuildPhase section */
		D0758D3D29E891430021034C /* Embed Watch Content */ = {
			isa = PBXCopyFilesBuildPhase;
			buildActionMask = 2147483647;
			dstPath = "$(CONTENTS_FOLDER_PATH)/Watch";
			dstSubfolderSpec = 16;
			files = (
				D0758D2B29E891420021034C /* watchOSTestPAckage Watch App.app in Embed Watch Content */,
			);
			name = "Embed Watch Content";
			runOnlyForDeploymentPostprocessing = 0;
		};
/* End PBXCopyFilesBuildPhase section */

/* Begin PBXFileReference section */
		D0758D1A29E891410021034C /* watchOSTestPAckage.app */ = {isa = PBXFileReference; explicitFileType = wrapper.application; includeInIndex = 0; path = watchOSTestPAckage.app; sourceTree = BUILT_PRODUCTS_DIR; };
		D0758D1D29E891410021034C /* watchOSTestPAckageApp.swift */ = {isa = PBXFileReference; lastKnownFileType = sourcecode.swift; path = watchOSTestPAckageApp.swift; sourceTree = "<group>"; };
		D0758D1F29E891410021034C /* ContentView.swift */ = {isa = PBXFileReference; lastKnownFileType = sourcecode.swift; path = ContentView.swift; sourceTree = "<group>"; };
		D0758D2129E891420021034C /* Assets.xcassets */ = {isa = PBXFileReference; lastKnownFileType = folder.assetcatalog; path = Assets.xcassets; sourceTree = "<group>"; };
		D0758D2429E891420021034C /* Preview Assets.xcassets */ = {isa = PBXFileReference; lastKnownFileType = folder.assetcatalog; path = "Preview Assets.xcassets"; sourceTree = "<group>"; };
		D0758D2A29E891420021034C /* watchOSTestPAckage Watch App.app */ = {isa = PBXFileReference; explicitFileType = wrapper.application; includeInIndex = 0; path = "watchOSTestPAckage Watch App.app"; sourceTree = BUILT_PRODUCTS_DIR; };
		D0758D2F29E891420021034C /* watchOSTestPAckageApp.swift */ = {isa = PBXFileReference; lastKnownFileType = sourcecode.swift; path = watchOSTestPAckageApp.swift; sourceTree = "<group>"; };
		D0758D3129E891420021034C /* ContentView.swift */ = {isa = PBXFileReference; lastKnownFileType = sourcecode.swift; path = ContentView.swift; sourceTree = "<group>"; };
		D0758D3329E891430021034C /* Assets.xcassets */ = {isa = PBXFileReference; lastKnownFileType = folder.assetcatalog; path = Assets.xcassets; sourceTree = "<group>"; };
		D0758D3629E891430021034C /* Preview Assets.xcassets */ = {isa = PBXFileReference; lastKnownFileType = folder.assetcatalog; path = "Preview Assets.xcassets"; sourceTree = "<group>"; };
		D0758D4729E891FA0021034C /* Resources */ = {isa = PBXFileReference; lastKnownFileType = wrapper; name = Resources; path = watchOSTestPAckage/Resources; sourceTree = "<group>"; };
/* End PBXFileReference section */

/* Begin PBXFrameworksBuildPhase section */
		D0758D1729E891410021034C /* Frameworks */ = {
			isa = PBXFrameworksBuildPhase;
			buildActionMask = 2147483647;
			files = (
				D0758D5029E928E60021034C /* Strings in Frameworks */,
			);
			runOnlyForDeploymentPostprocessing = 0;
		};
		D0758D2729E891420021034C /* Frameworks */ = {
			isa = PBXFrameworksBuildPhase;
			buildActionMask = 2147483647;
			files = (
				D077AF1129ED1BA500F740E4 /* Strings in Frameworks */,
			);
			runOnlyForDeploymentPostprocessing = 0;
		};
/* End PBXFrameworksBuildPhase section */

/* Begin PBXGroup section */
		D0758D1129E891410021034C = {
			isa = PBXGroup;
			children = (
				D0758D4729E891FA0021034C /* Resources */,
				D0758D1C29E891410021034C /* watchOSTestPAckage */,
				D0758D2E29E891420021034C /* watchOSTestPAckage Watch App */,
				D0758D1B29E891410021034C /* Products */,
				D0758D4229E891A20021034C /* Frameworks */,
			);
			sourceTree = "<group>";
		};
		D0758D1B29E891410021034C /* Products */ = {
			isa = PBXGroup;
			children = (
				D0758D1A29E891410021034C /* watchOSTestPAckage.app */,
				D0758D2A29E891420021034C /* watchOSTestPAckage Watch App.app */,
			);
			name = Products;
			sourceTree = "<group>";
		};
		D0758D1C29E891410021034C /* watchOSTestPAckage */ = {
			isa = PBXGroup;
			children = (
				D0758D1D29E891410021034C /* watchOSTestPAckageApp.swift */,
				D0758D1F29E891410021034C /* ContentView.swift */,
				D0758D2129E891420021034C /* Assets.xcassets */,
				D0758D2329E891420021034C /* Preview Content */,
			);
			path = watchOSTestPAckage;
			sourceTree = "<group>";
		};
		D0758D2329E891420021034C /* Preview Content */ = {
			isa = PBXGroup;
			children = (
				D0758D2429E891420021034C /* Preview Assets.xcassets */,
			);
			path = "Preview Content";
			sourceTree = "<group>";
		};
		D0758D2E29E891420021034C /* watchOSTestPAckage Watch App */ = {
			isa = PBXGroup;
			children = (
				D0758D2F29E891420021034C /* watchOSTestPAckageApp.swift */,
				D0758D3129E891420021034C /* ContentView.swift */,
				D0758D3329E891430021034C /* Assets.xcassets */,
				D0758D3529E891430021034C /* Preview Content */,
			);
			path = "watchOSTestPAckage Watch App";
			sourceTree = "<group>";
		};
		D0758D3529E891430021034C /* Preview Content */ = {
			isa = PBXGroup;
			children = (
				D0758D3629E891430021034C /* Preview Assets.xcassets */,
			);
			path = "Preview Content";
			sourceTree = "<group>";
		};
		D0758D4229E891A20021034C /* Frameworks */ = {
			isa = PBXGroup;
			children = (
			);
			name = Frameworks;
			sourceTree = "<group>";
		};
/* End PBXGroup section */

/* Begin PBXNativeTarget section */
		D0758D1929E891410021034C /* watchOSTestPAckage */ = {
			isa = PBXNativeTarget;
			buildConfigurationList = D0758D3E29E891430021034C /* Build configuration list for PBXNativeTarget "watchOSTestPAckage" */;
			buildPhases = (
				D0758D1629E891410021034C /* Sources */,
				D0758D1729E891410021034C /* Frameworks */,
				D0758D1829E891410021034C /* Resources */,
				D0758D3D29E891430021034C /* Embed Watch Content */,
			);
			buildRules = (
			);
			dependencies = (
				D0758D2D29E891420021034C /* PBXTargetDependency */,
			);
			name = watchOSTestPAckage;
			packageProductDependencies = (
				D0758D4F29E928E60021034C /* Strings */,
			);
			productName = watchOSTestPAckage;
			productReference = D0758D1A29E891410021034C /* watchOSTestPAckage.app */;
			productType = "com.apple.product-type.application";
		};
		D0758D2929E891420021034C /* watchOSTestPAckage Watch App */ = {
			isa = PBXNativeTarget;
			buildConfigurationList = D0758D3A29E891430021034C /* Build configuration list for PBXNativeTarget "watchOSTestPAckage Watch App" */;
			buildPhases = (
				D0758D2629E891420021034C /* Sources */,
				D0758D2729E891420021034C /* Frameworks */,
				D0758D2829E891420021034C /* Resources */,
			);
			buildRules = (
			);
			dependencies = (
			);
			name = "watchOSTestPAckage Watch App";
			packageProductDependencies = (
				D077AF1029ED1BA500F740E4 /* Strings */,
			);
			productName = "watchOSTestPAckage Watch App";
			productReference = D0758D2A29E891420021034C /* watchOSTestPAckage Watch App.app */;
			productType = "com.apple.product-type.application";
		};
/* End PBXNativeTarget section */

/* Begin PBXProject section */
		D0758D1229E891410021034C /* Project object */ = {
			isa = PBXProject;
			attributes = {
				BuildIndependentTargetsInParallel = 1;
				LastSwiftUpdateCheck = 1430;
				LastUpgradeCheck = 1430;
				TargetAttributes = {
					D0758D1929E891410021034C = {
						CreatedOnToolsVersion = 14.3;
					};
					D0758D2929E891420021034C = {
						CreatedOnToolsVersion = 14.3;
					};
				};
			};
			buildConfigurationList = D0758D1529E891410021034C /* Build configuration list for PBXProject "watchOSTestPAckage" */;
			compatibilityVersion = "Xcode 14.0";
			developmentRegion = en;
			hasScannedForEncodings = 0;
			knownRegions = (
				en,
				Base,
			);
			mainGroup = D0758D1129E891410021034C;
			productRefGroup = D0758D1B29E891410021034C /* Products */;
			projectDirPath = "";
			projectRoot = "";
			targets = (
				D0758D1929E891410021034C /* watchOSTestPAckage */,
				D0758D2929E891420021034C /* watchOSTestPAckage Watch App */,
			);
		};
/* End PBXProject section */

/* Begin PBXResourcesBuildPhase section */
		D0758D1829E891410021034C /* Resources */ = {
			isa = PBXResourcesBuildPhase;
			buildActionMask = 2147483647;
			files = (
				D0758D2529E891420021034C /* Preview Assets.xcassets in Resources */,
				D0758D2229E891420021034C /* Assets.xcassets in Resources */,
			);
			runOnlyForDeploymentPostprocessing = 0;
		};
		D0758D2829E891420021034C /* Resources */ = {
			isa = PBXResourcesBuildPhase;
			buildActionMask = 2147483647;
			files = (
				D0758D3729E891430021034C /* Preview Assets.xcassets in Resources */,
				D0758D3429E891430021034C /* Assets.xcassets in Resources */,
			);
			runOnlyForDeploymentPostprocessing = 0;
		};
/* End PBXResourcesBuildPhase section */

/* Begin PBXSourcesBuildPhase section */
		D0758D1629E891410021034C /* Sources */ = {
			isa = PBXSourcesBuildPhase;
			buildActionMask = 2147483647;
			files = (
				D0758D2029E891410021034C /* ContentView.swift in Sources */,
				D0758D1E29E891410021034C /* watchOSTestPAckageApp.swift in Sources */,
			);
			runOnlyForDeploymentPostprocessing = 0;
		};
		D0758D2629E891420021034C /* Sources */ = {
			isa = PBXSourcesBuildPhase;
			buildActionMask = 2147483647;
			files = (
				D0758D3229E891420021034C /* ContentView.swift in Sources */,
				D0758D3029E891420021034C /* watchOSTestPAckageApp.swift in Sources */,
			);
			runOnlyForDeploymentPostprocessing = 0;
		};
/* End PBXSourcesBuildPhase section */

/* Begin PBXTargetDependency section */
		D0758D2D29E891420021034C /* PBXTargetDependency */ = {
			isa = PBXTargetDependency;
			target = D0758D2929E891420021034C /* watchOSTestPAckage Watch App */;
			targetProxy = D0758D2C29E891420021034C /* PBXContainerItemProxy */;
		};
/* End PBXTargetDependency section */

/* Begin XCBuildConfiguration section */
		D0758D3829E891430021034C /* Debug */ = {
			isa = XCBuildConfiguration;
			buildSettings = {
				ALWAYS_SEARCH_USER_PATHS = NO;
				CLANG_ANALYZER_NONNULL = YES;
				CLANG_ANALYZER_NUMBER_OBJECT_CONVERSION = YES_AGGRESSIVE;
				CLANG_CXX_LANGUAGE_STANDARD = "gnu++20";
				CLANG_ENABLE_MODULES = YES;
				CLANG_ENABLE_OBJC_ARC = YES;
				CLANG_ENABLE_OBJC_WEAK = YES;
				CLANG_WARN_BLOCK_CAPTURE_AUTORELEASING = YES;
				CLANG_WARN_BOOL_CONVERSION = YES;
				CLANG_WARN_COMMA = YES;
				CLANG_WARN_CONSTANT_CONVERSION = YES;
				CLANG_WARN_DEPRECATED_OBJC_IMPLEMENTATIONS = YES;
				CLANG_WARN_DIRECT_OBJC_ISA_USAGE = YES_ERROR;
				CLANG_WARN_DOCUMENTATION_COMMENTS = YES;
				CLANG_WARN_EMPTY_BODY = YES;
				CLANG_WARN_ENUM_CONVERSION = YES;
				CLANG_WARN_INFINITE_RECURSION = YES;
				CLANG_WARN_INT_CONVERSION = YES;
				CLANG_WARN_NON_LITERAL_NULL_CONVERSION = YES;
				CLANG_WARN_OBJC_IMPLICIT_RETAIN_SELF = YES;
				CLANG_WARN_OBJC_LITERAL_CONVERSION = YES;
				CLANG_WARN_OBJC_ROOT_CLASS = YES_ERROR;
				CLANG_WARN_QUOTED_INCLUDE_IN_FRAMEWORK_HEADER = YES;
				CLANG_WARN_RANGE_LOOP_ANALYSIS = YES;
				CLANG_WARN_STRICT_PROTOTYPES = YES;
				CLANG_WARN_SUSPICIOUS_MOVE = YES;
				CLANG_WARN_UNGUARDED_AVAILABILITY = YES_AGGRESSIVE;
				CLANG_WARN_UNREACHABLE_CODE = YES;
				CLANG_WARN__DUPLICATE_METHOD_MATCH = YES;
				COPY_PHASE_STRIP = NO;
				DEBUG_INFORMATION_FORMAT = dwarf;
				ENABLE_STRICT_OBJC_MSGSEND = YES;
				ENABLE_TESTABILITY = YES;
				GCC_C_LANGUAGE_STANDARD = gnu11;
				GCC_DYNAMIC_NO_PIC = NO;
				GCC_NO_COMMON_BLOCKS = YES;
				GCC_OPTIMIZATION_LEVEL = 0;
				GCC_PREPROCESSOR_DEFINITIONS = (
					"DEBUG=1",
					"$(inherited)",
				);
				GCC_WARN_64_TO_32_BIT_CONVERSION = YES;
				GCC_WARN_ABOUT_RETURN_TYPE = YES_ERROR;
				GCC_WARN_UNDECLARED_SELECTOR = YES;
				GCC_WARN_UNINITIALIZED_AUTOS = YES_AGGRESSIVE;
				GCC_WARN_UNUSED_FUNCTION = YES;
				GCC_WARN_UNUSED_VARIABLE = YES;
				MTL_ENABLE_DEBUG_INFO = INCLUDE_SOURCE;
				MTL_FAST_MATH = YES;
				ONLY_ACTIVE_ARCH = YES;
				SWIFT_ACTIVE_COMPILATION_CONDITIONS = DEBUG;
				SWIFT_OPTIMIZATION_LEVEL = "-Onone";
			};
			name = Debug;
		};
		D0758D3929E891430021034C /* Release */ = {
			isa = XCBuildConfiguration;
			buildSettings = {
				ALWAYS_SEARCH_USER_PATHS = NO;
				CLANG_ANALYZER_NONNULL = YES;
				CLANG_ANALYZER_NUMBER_OBJECT_CONVERSION = YES_AGGRESSIVE;
				CLANG_CXX_LANGUAGE_STANDARD = "gnu++20";
				CLANG_ENABLE_MODULES = YES;
				CLANG_ENABLE_OBJC_ARC = YES;
				CLANG_ENABLE_OBJC_WEAK = YES;
				CLANG_WARN_BLOCK_CAPTURE_AUTORELEASING = YES;
				CLANG_WARN_BOOL_CONVERSION = YES;
				CLANG_WARN_COMMA = YES;
				CLANG_WARN_CONSTANT_CONVERSION = YES;
				CLANG_WARN_DEPRECATED_OBJC_IMPLEMENTATIONS = YES;
				CLANG_WARN_DIRECT_OBJC_ISA_USAGE = YES_ERROR;
				CLANG_WARN_DOCUMENTATION_COMMENTS = YES;
				CLANG_WARN_EMPTY_BODY = YES;
				CLANG_WARN_ENUM_CONVERSION = YES;
				CLANG_WARN_INFINITE_RECURSION = YES;
				CLANG_WARN_INT_CONVERSION = YES;
				CLANG_WARN_NON_LITERAL_NULL_CONVERSION = YES;
				CLANG_WARN_OBJC_IMPLICIT_RETAIN_SELF = YES;
				CLANG_WARN_OBJC_LITERAL_CONVERSION = YES;
				CLANG_WARN_OBJC_ROOT_CLASS = YES_ERROR;
				CLANG_WARN_QUOTED_INCLUDE_IN_FRAMEWORK_HEADER = YES;
				CLANG_WARN_RANGE_LOOP_ANALYSIS = YES;
				CLANG_WARN_STRICT_PROTOTYPES = YES;
				CLANG_WARN_SUSPICIOUS_MOVE = YES;
				CLANG_WARN_UNGUARDED_AVAILABILITY = YES_AGGRESSIVE;
				CLANG_WARN_UNREACHABLE_CODE = YES;
				CLANG_WARN__DUPLICATE_METHOD_MATCH = YES;
				COPY_PHASE_STRIP = NO;
				DEBUG_INFORMATION_FORMAT = "dwarf-with-dsym";
				ENABLE_NS_ASSERTIONS = NO;
				ENABLE_STRICT_OBJC_MSGSEND = YES;
				GCC_C_LANGUAGE_STANDARD = gnu11;
				GCC_NO_COMMON_BLOCKS = YES;
				GCC_WARN_64_TO_32_BIT_CONVERSION = YES;
				GCC_WARN_ABOUT_RETURN_TYPE = YES_ERROR;
				GCC_WARN_UNDECLARED_SELECTOR = YES;
				GCC_WARN_UNINITIALIZED_AUTOS = YES_AGGRESSIVE;
				GCC_WARN_UNUSED_FUNCTION = YES;
				GCC_WARN_UNUSED_VARIABLE = YES;
				MTL_ENABLE_DEBUG_INFO = NO;
				MTL_FAST_MATH = YES;
				SWIFT_COMPILATION_MODE = wholemodule;
				SWIFT_OPTIMIZATION_LEVEL = "-O";
			};
			name = Release;
		};
		D0758D3B29E891430021034C /* Debug */ = {
			isa = XCBuildConfiguration;
			buildSettings = {
				ASSETCATALOG_COMPILER_APPICON_NAME = AppIcon;
				ASSETCATALOG_COMPILER_GLOBAL_ACCENT_COLOR_NAME = AccentColor;
				CODE_SIGN_STYLE = Automatic;
				CURRENT_PROJECT_VERSION = 1;
				DEVELOPMENT_ASSET_PATHS = "\"watchOSTestPAckage Watch App/Preview Content\"";
				DEVELOPMENT_TEAM = "";
				ENABLE_PREVIEWS = YES;
				GENERATE_INFOPLIST_FILE = YES;
				INFOPLIST_KEY_CFBundleDisplayName = watchOSTestPAckage;
				INFOPLIST_KEY_UISupportedInterfaceOrientations = "UIInterfaceOrientationPortrait UIInterfaceOrientationPortraitUpsideDown";
				INFOPLIST_KEY_WKCompanionAppBundleIdentifier = com.test.app.SharedDependencies.watchOSTestPAckage;
				LD_RUNPATH_SEARCH_PATHS = (
					"$(inherited)",
					"@executable_path/Frameworks",
				);
				MARKETING_VERSION = 1.0;
				PRODUCT_BUNDLE_IDENTIFIER = com.test.app.SharedDependencies.watchOSTestPAckage.watchkitapp;
				PRODUCT_NAME = "$(TARGET_NAME)";
				SDKROOT = watchos;
				SKIP_INSTALL = YES;
				SWIFT_EMIT_LOC_STRINGS = YES;
				SWIFT_VERSION = 5.0;
				TARGETED_DEVICE_FAMILY = 4;
				WATCHOS_DEPLOYMENT_TARGET = 9.4;
			};
			name = Debug;
		};
		D0758D3C29E891430021034C /* Release */ = {
			isa = XCBuildConfiguration;
			buildSettings = {
				ASSETCATALOG_COMPILER_APPICON_NAME = AppIcon;
				ASSETCATALOG_COMPILER_GLOBAL_ACCENT_COLOR_NAME = AccentColor;
				CODE_SIGN_STYLE = Automatic;
				CURRENT_PROJECT_VERSION = 1;
				DEVELOPMENT_ASSET_PATHS = "\"watchOSTestPAckage Watch App/Preview Content\"";
				DEVELOPMENT_TEAM = "";
				ENABLE_PREVIEWS = YES;
				GENERATE_INFOPLIST_FILE = YES;
				INFOPLIST_KEY_CFBundleDisplayName = watchOSTestPAckage;
				INFOPLIST_KEY_UISupportedInterfaceOrientations = "UIInterfaceOrientationPortrait UIInterfaceOrientationPortraitUpsideDown";
				INFOPLIST_KEY_WKCompanionAppBundleIdentifier = com.test.app.SharedDependencies.watchOSTestPAckage;
				LD_RUNPATH_SEARCH_PATHS = (
					"$(inherited)",
					"@executable_path/Frameworks",
				);
				MARKETING_VERSION = 1.0;
				PRODUCT_BUNDLE_IDENTIFIER = com.test.app.SharedDependencies.watchOSTestPAckage.watchkitapp;
				PRODUCT_NAME = "$(TARGET_NAME)";
				SDKROOT = watchos;
				SKIP_INSTALL = YES;
				SWIFT_EMIT_LOC_STRINGS = YES;
				SWIFT_VERSION = 5.0;
				TARGETED_DEVICE_FAMILY = 4;
				VALIDATE_PRODUCT = YES;
				WATCHOS_DEPLOYMENT_TARGET = 9.4;
			};
			name = Release;
		};
		D0758D3F29E891430021034C /* Debug */ = {
			isa = XCBuildConfiguration;
			buildSettings = {
				ALWAYS_EMBED_SWIFT_STANDARD_LIBRARIES = YES;
				ASSETCATALOG_COMPILER_APPICON_NAME = AppIcon;
				ASSETCATALOG_COMPILER_GLOBAL_ACCENT_COLOR_NAME = AccentColor;
				CODE_SIGN_STYLE = Automatic;
				CURRENT_PROJECT_VERSION = 1;
				DEVELOPMENT_ASSET_PATHS = "\"watchOSTestPAckage/Preview Content\"";
				DEVELOPMENT_TEAM = 3TJJ229SVT;
				ENABLE_PREVIEWS = YES;
				GENERATE_INFOPLIST_FILE = YES;
				INFOPLIST_KEY_CFBundleDisplayName = watchOSTestPAckage;
				INFOPLIST_KEY_UIApplicationSceneManifest_Generation = YES;
				INFOPLIST_KEY_UIApplicationSupportsIndirectInputEvents = YES;
				INFOPLIST_KEY_UILaunchScreen_Generation = YES;
				INFOPLIST_KEY_UISupportedInterfaceOrientations_iPad = "UIInterfaceOrientationPortrait UIInterfaceOrientationPortraitUpsideDown UIInterfaceOrientationLandscapeLeft UIInterfaceOrientationLandscapeRight";
				INFOPLIST_KEY_UISupportedInterfaceOrientations_iPhone = "UIInterfaceOrientationPortrait UIInterfaceOrientationLandscapeLeft UIInterfaceOrientationLandscapeRight";
				IPHONEOS_DEPLOYMENT_TARGET = 16.4;
				LD_RUNPATH_SEARCH_PATHS = (
					"$(inherited)",
					"@executable_path/Frameworks",
				);
				MARKETING_VERSION = 1.0;
				PRODUCT_BUNDLE_IDENTIFIER = com.test.app.SharedDependencies.watchOSTestPAckage;
				PRODUCT_NAME = "$(TARGET_NAME)";
				SDKROOT = iphoneos;
				SWIFT_EMIT_LOC_STRINGS = YES;
				SWIFT_VERSION = 5.0;
				TARGETED_DEVICE_FAMILY = "1,2";
			};
			name = Debug;
		};
		D0758D4029E891430021034C /* Release */ = {
			isa = XCBuildConfiguration;
			buildSettings = {
				ALWAYS_EMBED_SWIFT_STANDARD_LIBRARIES = YES;
				ASSETCATALOG_COMPILER_APPICON_NAME = AppIcon;
				ASSETCATALOG_COMPILER_GLOBAL_ACCENT_COLOR_NAME = AccentColor;
				CODE_SIGN_STYLE = Automatic;
				CURRENT_PROJECT_VERSION = 1;
				DEVELOPMENT_ASSET_PATHS = "\"watchOSTestPAckage/Preview Content\"";
				DEVELOPMENT_TEAM = 3TJJ229SVT;
				ENABLE_PREVIEWS = YES;
				GENERATE_INFOPLIST_FILE = YES;
				INFOPLIST_KEY_CFBundleDisplayName = watchOSTestPAckage;
				INFOPLIST_KEY_UIApplicationSceneManifest_Generation = YES;
				INFOPLIST_KEY_UIApplicationSupportsIndirectInputEvents = YES;
				INFOPLIST_KEY_UILaunchScreen_Generation = YES;
				INFOPLIST_KEY_UISupportedInterfaceOrientations_iPad = "UIInterfaceOrientationPortrait UIInterfaceOrientationPortraitUpsideDown UIInterfaceOrientationLandscapeLeft UIInterfaceOrientationLandscapeRight";
				INFOPLIST_KEY_UISupportedInterfaceOrientations_iPhone = "UIInterfaceOrientationPortrait UIInterfaceOrientationLandscapeLeft UIInterfaceOrientationLandscapeRight";
				IPHONEOS_DEPLOYMENT_TARGET = 16.4;
				LD_RUNPATH_SEARCH_PATHS = (
					"$(inherited)",
					"@executable_path/Frameworks",
				);
				MARKETING_VERSION = 1.0;
				PRODUCT_BUNDLE_IDENTIFIER = com.test.app.SharedDependencies.watchOSTestPAckage;
				PRODUCT_NAME = "$(TARGET_NAME)";
				SDKROOT = iphoneos;
				SWIFT_EMIT_LOC_STRINGS = YES;
				SWIFT_VERSION = 5.0;
				TARGETED_DEVICE_FAMILY = "1,2";
				VALIDATE_PRODUCT = YES;
			};
			name = Release;
		};
/* End XCBuildConfiguration section */

/* Begin XCConfigurationList section */
		D0758D1529E891410021034C /* Build configuration list for PBXProject "watchOSTestPAckage" */ = {
			isa = XCConfigurationList;
			buildConfigurations = (
				D0758D3829E891430021034C /* Debug */,
				D0758D3929E891430021034C /* Release */,
			);
			defaultConfigurationIsVisible = 0;
			defaultConfigurationName = Release;
		};
		D0758D3A29E891430021034C /* Build configuration list for PBXNativeTarget "watchOSTestPAckage Watch App" */ = {
			isa = XCConfigurationList;
			buildConfigurations = (
				D0758D3B29E891430021034C /* Debug */,
				D0758D3C29E891430021034C /* Release */,
			);
			defaultConfigurationIsVisible = 0;
			defaultConfigurationName = Release;
		};
		D0758D3E29E891430021034C /* Build configuration list for PBXNativeTarget "watchOSTestPAckage" */ = {
			isa = XCConfigurationList;
			buildConfigurations = (
				D0758D3F29E891430021034C /* Debug */,
				D0758D4029E891430021034C /* Release */,
			);
			defaultConfigurationIsVisible = 0;
			defaultConfigurationName = Release;
		};
/* End XCConfigurationList section */

/* Begin XCSwiftPackageProductDependency section */
		D0758D4F29E928E60021034C /* Strings */ = {
			isa = XCSwiftPackageProductDependency;
			productName = Strings;
		};
		D077AF1029ED1BA500F740E4 /* Strings */ = {
			isa = XCSwiftPackageProductDependency;
			productName = Strings;
		};
/* End XCSwiftPackageProductDependency section */
	};
	rootObject = D0758D1229E891410021034C /* Project object */;
}
